
Microsoft Visual Studio Solution File, Format Version 12.00
# Visual Studio Version 17
VisualStudioVersion = 17.2.32616.157
MinimumVisualStudioVersion = 10.0.40219.1
Project("{FAE04EC0-301F-11D3-BF4B-00C04F79EFBC}") = "Base", "Base\Base.csproj", "{3EF2B6CD-9210-4E55-84AD-A9C25A7ADF4F}"
EndProject
Project("{FAE04EC0-301F-11D3-BF4B-00C04F79EFBC}") = "DataAccess", "DataAccess\DataAccess.csproj", "{9C9124EF-CF8C-49BC-84DB-97B3BB27E4B9}"
EndProject
Project("{FAE04EC0-301F-11D3-BF4B-00C04F79EFBC}") = "Entity", "Entity\Entity.csproj", "{6012584A-8292-4AC5-9EE7-587A4A793E14}"
EndProject
Project("{FAE04EC0-301F-11D3-BF4B-00C04F79EFBC}") = "Service", "Service\Service.csproj", "{15576FC1-BBBB-4078-9024-F67BF89D639C}"
EndProject
Project("{FAE04EC0-301F-11D3-BF4B-00C04F79EFBC}") = "WebApi", "WebApi\WebApi.csproj", "{7B680787-F317-4054-BE88-3D6296B9C5DA}"
EndProject
Global
	GlobalSection(SolutionConfigurationPlatforms) = preSolution
		Debug|Any CPU = Debug|Any CPU
		Release|Any CPU = Release|Any CPU
	EndGlobalSection
	GlobalSection(ProjectConfigurationPlatforms) = postSolution
		{3EF2B6CD-9210-4E55-84AD-A9C25A7ADF4F}.Debug|Any CPU.ActiveCfg = Debug|Any CPU
		{3EF2B6CD-9210-4E55-84AD-A9C25A7ADF4F}.Debug|Any CPU.Build.0 = Debug|Any CPU
		{3EF2B6CD-9210-4E55-84AD-A9C25A7ADF4F}.Release|Any CPU.ActiveCfg = Release|Any CPU
		{3EF2B6CD-9210-4E55-84AD-A9C25A7ADF4F}.Release|Any CPU.Build.0 = Release|Any CPU
		{9C9124EF-CF8C-49BC-84DB-97B3BB27E4B9}.Debug|Any CPU.ActiveCfg = Debug|Any CPU
		{9C9124EF-CF8C-49BC-84DB-97B3BB27E4B9}.Debug|Any CPU.Build.0 = Debug|Any CPU
		{9C9124EF-CF8C-49BC-84DB-97B3BB27E4B9}.Release|Any CPU.ActiveCfg = Release|Any CPU
		{9C9124EF-CF8C-49BC-84DB-97B3BB27E4B9}.Release|Any CPU.Build.0 = Release|Any CPU
		{6012584A-8292-4AC5-9EE7-587A4A793E14}.Debug|Any CPU.ActiveCfg = Debug|Any CPU
		{6012584A-8292-4AC5-9EE7-587A4A793E14}.Debug|Any CPU.Build.0 = Debug|Any CPU
		{6012584A-8292-4AC5-9EE7-587A4A793E14}.Release|Any CPU.ActiveCfg = Release|Any CPU
		{6012584A-8292-4AC5-9EE7-587A4A793E14}.Release|Any CPU.Build.0 = Release|Any CPU
		{15576FC1-BBBB-4078-9024-F67BF89D639C}.Debug|Any CPU.ActiveCfg = Debug|Any CPU
		{15576FC1-BBBB-4078-9024-F67BF89D639C}.Debug|Any CPU.Build.0 = Debug|Any CPU
		{15576FC1-BBBB-4078-9024-F67BF89D639C}.Release|Any CPU.ActiveCfg = Release|Any CPU
		{15576FC1-BBBB-4078-9024-F67BF89D639C}.Release|Any CPU.Build.0 = Release|Any CPU
		{7B680787-F317-4054-BE88-3D6296B9C5DA}.Debug|Any CPU.ActiveCfg = Debug|Any CPU
		{7B680787-F317-4054-BE88-3D6296B9C5DA}.Debug|Any CPU.Build.0 = Debug|Any CPU
		{7B680787-F317-4054-BE88-3D6296B9C5DA}.Release|Any CPU.ActiveCfg = Release|Any CPU
		{7B680787-F317-4054-BE88-3D6296B9C5DA}.Release|Any CPU.Build.0 = Release|Any CPU
	EndGlobalSection
	GlobalSection(SolutionProperties) = preSolution
		HideSolutionNode = FALSE
	EndGlobalSection
	GlobalSection(ExtensibilityGlobals) = postSolution
		SolutionGuid = {63BEA47F-E12E-47DB-B4E7-072145C060B1}
	EndGlobalSection
EndGlobal
